
Microsoft Visual Studio Solution File, Format Version 11.00
# Visual Studio 2010
Project("{FAE04EC0-301F-11D3-BF4B-00C04F79EFBC}") = "KaupischITC.Shared", "KaupischITC.Shared\KaupischITC.Shared.csproj", "{5F055FBB-50B1-421C-A80A-2D291210183F}"
EndProject
Project("{FAE04EC0-301F-11D3-BF4B-00C04F79EFBC}") = "KaupischITC.Extensions", "KaupischITC.Extensions\KaupischITC.Extensions.csproj", "{6E4F8863-7A8C-4163-B95A-AB413017A7F7}"
EndProject
Project("{FAE04EC0-301F-11D3-BF4B-00C04F79EFBC}") = "KaupischITC.Charting", "KaupischITC.Charting\KaupischITC.Charting.csproj", "{0C583589-F594-4872-BA74-71EE4025EE80}"
EndProject
Project("{FAE04EC0-301F-11D3-BF4B-00C04F79EFBC}") = "KaupischITC.InfragisticsControls", "KaupischITC.Infragistics\KaupischITC.InfragisticsControls.csproj", "{4298F588-070F-4048-9E47-315A8CEABD89}"
EndProject
Global
	GlobalSection(SolutionConfigurationPlatforms) = preSolution
		Debug|Any CPU = Debug|Any CPU
		Release|Any CPU = Release|Any CPU
	EndGlobalSection
	GlobalSection(ProjectConfigurationPlatforms) = postSolution
		{5F055FBB-50B1-421C-A80A-2D291210183F}.Debug|Any CPU.ActiveCfg = Debug|Any CPU
		{5F055FBB-50B1-421C-A80A-2D291210183F}.Debug|Any CPU.Build.0 = Debug|Any CPU
		{5F055FBB-50B1-421C-A80A-2D291210183F}.Release|Any CPU.ActiveCfg = Release|Any CPU
		{5F055FBB-50B1-421C-A80A-2D291210183F}.Release|Any CPU.Build.0 = Release|Any CPU
		{6E4F8863-7A8C-4163-B95A-AB413017A7F7}.Debug|Any CPU.ActiveCfg = Debug|Any CPU
		{6E4F8863-7A8C-4163-B95A-AB413017A7F7}.Debug|Any CPU.Build.0 = Debug|Any CPU
		{6E4F8863-7A8C-4163-B95A-AB413017A7F7}.Release|Any CPU.ActiveCfg = Release|Any CPU
		{6E4F8863-7A8C-4163-B95A-AB413017A7F7}.Release|Any CPU.Build.0 = Release|Any CPU
		{0C583589-F594-4872-BA74-71EE4025EE80}.Debug|Any CPU.ActiveCfg = Debug|Any CPU
		{0C583589-F594-4872-BA74-71EE4025EE80}.Debug|Any CPU.Build.0 = Debug|Any CPU
		{0C583589-F594-4872-BA74-71EE4025EE80}.Release|Any CPU.ActiveCfg = Release|Any CPU
		{0C583589-F594-4872-BA74-71EE4025EE80}.Release|Any CPU.Build.0 = Release|Any CPU
		{4298F588-070F-4048-9E47-315A8CEABD89}.Debug|Any CPU.ActiveCfg = Debug|Any CPU
		{4298F588-070F-4048-9E47-315A8CEABD89}.Debug|Any CPU.Build.0 = Debug|Any CPU
		{4298F588-070F-4048-9E47-315A8CEABD89}.Release|Any CPU.ActiveCfg = Release|Any CPU
		{4298F588-070F-4048-9E47-315A8CEABD89}.Release|Any CPU.Build.0 = Release|Any CPU
	EndGlobalSection
	GlobalSection(SolutionProperties) = preSolution
		HideSolutionNode = FALSE
	EndGlobalSection
EndGlobal
